
Microsoft Visual Studio Solution File, Format Version 12.00
# Visual Studio 15
Project("{FAE04EC0-301F-11D3-BF4B-00C04F79EFBC}") = "UnityEngine.TestRunner", "UnityEngine.TestRunner.csproj", "{CD577728-AFA2-EBD2-64C9-2EC9D16E3C88}"
EndProject
Project("{FAE04EC0-301F-11D3-BF4B-00C04F79EFBC}") = "UnityEngine.UI", "UnityEngine.UI.csproj", "{7FDC9EC6-B468-E1F9-F7CB-C66F1D52F815}"
EndProject
Project("{FAE04EC0-301F-11D3-BF4B-00C04F79EFBC}") = "Unity.VisualScripting.Flow", "Unity.VisualScripting.Flow.csproj", "{8325BA2E-BB7C-92CC-ACCF-28A6F88FBA95}"
EndProject
Project("{FAE04EC0-301F-11D3-BF4B-00C04F79EFBC}") = "Unity.Mathematics", "Unity.Mathematics.csproj", "{170ADDDC-01FB-430D-691E-09A540812E33}"
EndProject
Project("{FAE04EC0-301F-11D3-BF4B-00C04F79EFBC}") = "Unity.VisualScripting.State", "Unity.VisualScripting.State.csproj", "{97A47562-D202-7298-9382-F35F1384324D}"
EndProject
Project("{FAE04EC0-301F-11D3-BF4B-00C04F79EFBC}") = "Unity.VisualScripting.Core", "Unity.VisualScripting.Core.csproj", "{FE8C1548-C887-DEB1-AE18-EA1C845FCEB2}"
EndProject
Project("{FAE04EC0-301F-11D3-BF4B-00C04F79EFBC}") = "Unity.2D.Animation.Runtime", "Unity.2D.Animation.Runtime.csproj", "{0A077ECB-5DE3-A2FE-8686-E0AC6E7CE000}"
EndProject
Project("{FAE04EC0-301F-11D3-BF4B-00C04F79EFBC}") = "Unity.TextMeshPro", "Unity.TextMeshPro.csproj", "{CE16C175-EF00-CF4D-9920-211D7E8D0282}"
EndProject
Project("{FAE04EC0-301F-11D3-BF4B-00C04F79EFBC}") = "Unity.Timeline", "Unity.Timeline.csproj", "{F1B44C04-D23B-476C-1D7E-7C5B8A74655F}"
EndProject
Project("{FAE04EC0-301F-11D3-BF4B-00C04F79EFBC}") = "Unity.Burst", "Unity.Burst.csproj", "{836599F0-A405-E7E0-DC72-3A03B0A9C87F}"
EndProject
Project("{FAE04EC0-301F-11D3-BF4B-00C04F79EFBC}") = "Unity.2D.SpriteShape.Runtime", "Unity.2D.SpriteShape.Runtime.csproj", "{3FFC28E8-B37B-F845-752B-17BB5341AD8E}"
EndProject
Project("{FAE04EC0-301F-11D3-BF4B-00C04F79EFBC}") = "Unity.2D.PixelPerfect", "Unity.2D.PixelPerfect.csproj", "{E4BAC949-C6A2-7EE6-F12E-E8222A297DF4}"
EndProject
Project("{FAE04EC0-301F-11D3-BF4B-00C04F79EFBC}") = "Unity.2D.Common.Runtime", "Unity.2D.Common.Runtime.csproj", "{17AD5EEB-F88C-EF51-9CFC-8823EE7B8FBB}"
EndProject
Project("{FAE04EC0-301F-11D3-BF4B-00C04F79EFBC}") = "Unity.2D.IK.Runtime", "Unity.2D.IK.Runtime.csproj", "{3C7A9C39-129E-F88F-5F92-DB5B638220D9}"
EndProject
Project("{FAE04EC0-301F-11D3-BF4B-00C04F79EFBC}") = "Unity.2D.Tilemap.Extras", "Unity.2D.Tilemap.Extras.csproj", "{19F07C85-C4BA-DCB2-2B91-44F3EA04BB0A}"
EndProject
Project("{FAE04EC0-301F-11D3-BF4B-00C04F79EFBC}") = "Unity.InternalAPIEngineBridge.001", "Unity.InternalAPIEngineBridge.001.csproj", "{E64ACFE7-3DA4-CE33-BAAC-1A5B7E31A5D9}"
EndProject
Project("{FAE04EC0-301F-11D3-BF4B-00C04F79EFBC}") = "Unity.PlasticSCM.Editor", "Unity.PlasticSCM.Editor.csproj", "{A13C9AB3-73C7-AAEF-E62E-9958C3D07A29}"
EndProject
Project("{FAE04EC0-301F-11D3-BF4B-00C04F79EFBC}") = "Unity.VisualScripting.Core.Editor", "Unity.VisualScripting.Core.Editor.csproj", "{454C66D1-C991-D06C-C5C7-672E2F096D74}"
EndProject
Project("{FAE04EC0-301F-11D3-BF4B-00C04F79EFBC}") = "Unity.VisualScripting.Flow.Editor", "Unity.VisualScripting.Flow.Editor.csproj", "{DEA72233-0A14-4362-44A7-1DB27837F0A2}"
EndProject
Project("{FAE04EC0-301F-11D3-BF4B-00C04F79EFBC}") = "Unity.2D.Aseprite.Editor", "Unity.2D.Aseprite.Editor.csproj", "{6F1182BD-EA75-6509-39B8-FA65FA3A9197}"
EndProject
Project("{FAE04EC0-301F-11D3-BF4B-00C04F79EFBC}") = "Unity.VisualStudio.Editor", "Unity.VisualStudio.Editor.csproj", "{C721BD70-B73A-5831-24AD-7DDE600FEE1A}"
EndProject
Project("{FAE04EC0-301F-11D3-BF4B-00C04F79EFBC}") = "Unity.Timeline.Editor", "Unity.Timeline.Editor.csproj", "{DADAB12C-A293-A471-190C-95087972B3CF}"
EndProject
Project("{FAE04EC0-301F-11D3-BF4B-00C04F79EFBC}") = "Unity.Burst.CodeGen", "Unity.Burst.CodeGen.csproj", "{39B510AC-D241-D346-713F-E7D0AA43CFAC}"
EndProject
Project("{FAE04EC0-301F-11D3-BF4B-00C04F79EFBC}") = "Unity.VisualScripting.State.Editor", "Unity.VisualScripting.State.Editor.csproj", "{1528034B-E551-E818-5EFC-5B6315C90F29}"
EndProject
Project("{FAE04EC0-301F-11D3-BF4B-00C04F79EFBC}") = "Unity.TextMeshPro.Editor", "Unity.TextMeshPro.Editor.csproj", "{FCC84D40-C11A-0F24-BF91-096EF27B07C4}"
EndProject
Project("{FAE04EC0-301F-11D3-BF4B-00C04F79EFBC}") = "Unity.Burst.Editor", "Unity.Burst.Editor.csproj", "{3F573773-22AD-56ED-A656-BC03DB93BF5F}"
EndProject
Project("{FAE04EC0-301F-11D3-BF4B-00C04F79EFBC}") = "Unity.2D.PixelPerfect.Editor", "Unity.2D.PixelPerfect.Editor.csproj", "{BDB1F7C0-EB2A-DA39-BBFF-DF931F65D979}"
EndProject
Project("{FAE04EC0-301F-11D3-BF4B-00C04F79EFBC}") = "Unity.2D.Animation.Editor", "Unity.2D.Animation.Editor.csproj", "{6A9229F5-A037-E75E-3373-A9BB2B08ED0B}"
EndProject
Project("{FAE04EC0-301F-11D3-BF4B-00C04F79EFBC}") = "Unity.VisualScripting.SettingsProvider.Editor", "Unity.VisualScripting.SettingsProvider.Editor.csproj", "{12E67100-0948-AB62-807E-B30A36FF71AF}"
EndProject
Project("{FAE04EC0-301F-11D3-BF4B-00C04F79EFBC}") = "Unity.2D.Psdimporter.Editor", "Unity.2D.Psdimporter.Editor.csproj", "{E24F3987-C213-A63A-B7AF-F7036DF8BBBB}"
EndProject
Project("{FAE04EC0-301F-11D3-BF4B-00C04F79EFBC}") = "UnityEditor.TestRunner", "UnityEditor.TestRunner.csproj", "{D8AB9215-BAE9-4385-2180-405FB1AC7BA9}"
EndProject
Project("{FAE04EC0-301F-11D3-BF4B-00C04F79EFBC}") = "Unity.2D.Tilemap.Editor", "Unity.2D.Tilemap.Editor.csproj", "{77B84498-BF87-B639-8245-727DE5F409CF}"
EndProject
Project("{FAE04EC0-301F-11D3-BF4B-00C04F79EFBC}") = "Unity.Rider.Editor", "Unity.Rider.Editor.csproj", "{AC71EEE9-C1A4-A01B-BB62-9EC9520E01F0}"
EndProject
Project("{FAE04EC0-301F-11D3-BF4B-00C04F79EFBC}") = "Unity.2D.Path.Editor", "Unity.2D.Path.Editor.csproj", "{3510F1FA-8F62-E396-E33F-94AD33A673C7}"
EndProject
Project("{FAE04EC0-301F-11D3-BF4B-00C04F79EFBC}") = "PsdPlugin", "PsdPlugin.csproj", "{6BC56B89-4745-1DCF-D198-327B68E1CE7C}"
EndProject
Project("{FAE04EC0-301F-11D3-BF4B-00C04F79EFBC}") = "Unity.2D.IK.Editor", "Unity.2D.IK.Editor.csproj", "{BED41B72-44E2-9FC2-8E83-6FF6816849E2}"
EndProject
Project("{FAE04EC0-301F-11D3-BF4B-00C04F79EFBC}") = "Unity.2D.SpriteShape.Editor", "Unity.2D.SpriteShape.Editor.csproj", "{21DFDCA7-7B7A-26F8-DD75-616ADE7D7592}"
EndProject
Project("{FAE04EC0-301F-11D3-BF4B-00C04F79EFBC}") = "Unity.VSCode.Editor", "Unity.VSCode.Editor.csproj", "{759BDDFD-96CA-5084-DF86-3F9360C1308F}"
EndProject
Project("{FAE04EC0-301F-11D3-BF4B-00C04F79EFBC}") = "Unity.2D.Sprite.Editor", "Unity.2D.Sprite.Editor.csproj", "{4664FB87-89E5-0ABC-A2EC-A8EE5C57E1B4}"
EndProject
Project("{FAE04EC0-301F-11D3-BF4B-00C04F79EFBC}") = "UnityEditor.UI", "UnityEditor.UI.csproj", "{20CA8F5D-B2DB-D742-C1EA-1E7FA39D5BD4}"
EndProject
Project("{FAE04EC0-301F-11D3-BF4B-00C04F79EFBC}") = "Unity.2D.Common.Editor", "Unity.2D.Common.Editor.csproj", "{78DEA6FE-FECB-75A5-916A-D1B7C3314E62}"
EndProject
Project("{FAE04EC0-301F-11D3-BF4B-00C04F79EFBC}") = "Unity.CollabProxy.Editor", "Unity.CollabProxy.Editor.csproj", "{D739E5C5-1796-FC49-74E5-EADF7E4FD6C4}"
EndProject
Project("{FAE04EC0-301F-11D3-BF4B-00C04F79EFBC}") = "Unity.Mathematics.Editor", "Unity.Mathematics.Editor.csproj", "{3860A274-33E2-0086-A436-8D696DAFF9CF}"
EndProject
Project("{FAE04EC0-301F-11D3-BF4B-00C04F79EFBC}") = "Unity.InternalAPIEditorBridge.001", "Unity.InternalAPIEditorBridge.001.csproj", "{5661C99E-4A8A-96D9-A9CB-6BFB19882D6E}"
EndProject
Project("{FAE04EC0-301F-11D3-BF4B-00C04F79EFBC}") = "Unity.2D.Tilemap.Extras.Editor", "Unity.2D.Tilemap.Extras.Editor.csproj", "{3B28C130-6E13-E276-7DC4-29FB0F8A85D2}"
EndProject
Project("{FAE04EC0-301F-11D3-BF4B-00C04F79EFBC}") = "Unity.VisualScripting.Shared.Editor", "Unity.VisualScripting.Shared.Editor.csproj", "{CECE2754-9D60-FFD0-F1E0-6A31B13C3E2F}"
EndProject
Project("{FAE04EC0-301F-11D3-BF4B-00C04F79EFBC}") = "Unity.2D.Aseprite.Common", "Unity.2D.Aseprite.Common.csproj", "{3409010D-9D68-2520-69E0-2195D20C3157}"
EndProject
Global
	GlobalSection(SolutionConfigurationPlatforms) = preSolution
		Debug|Any CPU = Debug|Any CPU
		Release|Any CPU = Release|Any CPU
	EndGlobalSection
	GlobalSection(ProjectConfigurationPlatforms) = postSolution
		{CD577728-AFA2-EBD2-64C9-2EC9D16E3C88}.Debug|Any CPU.ActiveCfg = Debug|Any CPU
		{CD577728-AFA2-EBD2-64C9-2EC9D16E3C88}.Debug|Any CPU.Build.0 = Debug|Any CPU
		{CD577728-AFA2-EBD2-64C9-2EC9D16E3C88}.Release|Any CPU.ActiveCfg = Release|Any CPU
		{CD577728-AFA2-EBD2-64C9-2EC9D16E3C88}.Release|Any CPU.Build.0 = Release|Any CPU
		{7FDC9EC6-B468-E1F9-F7CB-C66F1D52F815}.Debug|Any CPU.ActiveCfg = Debug|Any CPU
		{7FDC9EC6-B468-E1F9-F7CB-C66F1D52F815}.Debug|Any CPU.Build.0 = Debug|Any CPU
		{7FDC9EC6-B468-E1F9-F7CB-C66F1D52F815}.Release|Any CPU.ActiveCfg = Release|Any CPU
		{7FDC9EC6-B468-E1F9-F7CB-C66F1D52F815}.Release|Any CPU.Build.0 = Release|Any CPU
		{8325BA2E-BB7C-92CC-ACCF-28A6F88FBA95}.Debug|Any CPU.ActiveCfg = Debug|Any CPU
		{8325BA2E-BB7C-92CC-ACCF-28A6F88FBA95}.Debug|Any CPU.Build.0 = Debug|Any CPU
		{8325BA2E-BB7C-92CC-ACCF-28A6F88FBA95}.Release|Any CPU.ActiveCfg = Release|Any CPU
		{8325BA2E-BB7C-92CC-ACCF-28A6F88FBA95}.Release|Any CPU.Build.0 = Release|Any CPU
		{170ADDDC-01FB-430D-691E-09A540812E33}.Debug|Any CPU.ActiveCfg = Debug|Any CPU
		{170ADDDC-01FB-430D-691E-09A540812E33}.Debug|Any CPU.Build.0 = Debug|Any CPU
		{170ADDDC-01FB-430D-691E-09A540812E33}.Release|Any CPU.ActiveCfg = Release|Any CPU
		{170ADDDC-01FB-430D-691E-09A540812E33}.Release|Any CPU.Build.0 = Release|Any CPU
		{97A47562-D202-7298-9382-F35F1384324D}.Debug|Any CPU.ActiveCfg = Debug|Any CPU
		{97A47562-D202-7298-9382-F35F1384324D}.Debug|Any CPU.Build.0 = Debug|Any CPU
		{97A47562-D202-7298-9382-F35F1384324D}.Release|Any CPU.ActiveCfg = Release|Any CPU
		{97A47562-D202-7298-9382-F35F1384324D}.Release|Any CPU.Build.0 = Release|Any CPU
		{FE8C1548-C887-DEB1-AE18-EA1C845FCEB2}.Debug|Any CPU.ActiveCfg = Debug|Any CPU
		{FE8C1548-C887-DEB1-AE18-EA1C845FCEB2}.Debug|Any CPU.Build.0 = Debug|Any CPU
		{FE8C1548-C887-DEB1-AE18-EA1C845FCEB2}.Release|Any CPU.ActiveCfg = Release|Any CPU
		{FE8C1548-C887-DEB1-AE18-EA1C845FCEB2}.Release|Any CPU.Build.0 = Release|Any CPU
		{0A077ECB-5DE3-A2FE-8686-E0AC6E7CE000}.Debug|Any CPU.ActiveCfg = Debug|Any CPU
		{0A077ECB-5DE3-A2FE-8686-E0AC6E7CE000}.Debug|Any CPU.Build.0 = Debug|Any CPU
		{0A077ECB-5DE3-A2FE-8686-E0AC6E7CE000}.Release|Any CPU.ActiveCfg = Release|Any CPU
		{0A077ECB-5DE3-A2FE-8686-E0AC6E7CE000}.Release|Any CPU.Build.0 = Release|Any CPU
		{CE16C175-EF00-CF4D-9920-211D7E8D0282}.Debug|Any CPU.ActiveCfg = Debug|Any CPU
		{CE16C175-EF00-CF4D-9920-211D7E8D0282}.Debug|Any CPU.Build.0 = Debug|Any CPU
		{CE16C175-EF00-CF4D-9920-211D7E8D0282}.Release|Any CPU.ActiveCfg = Release|Any CPU
		{CE16C175-EF00-CF4D-9920-211D7E8D0282}.Release|Any CPU.Build.0 = Release|Any CPU
		{F1B44C04-D23B-476C-1D7E-7C5B8A74655F}.Debug|Any CPU.ActiveCfg = Debug|Any CPU
		{F1B44C04-D23B-476C-1D7E-7C5B8A74655F}.Debug|Any CPU.Build.0 = Debug|Any CPU
		{F1B44C04-D23B-476C-1D7E-7C5B8A74655F}.Release|Any CPU.ActiveCfg = Release|Any CPU
		{F1B44C04-D23B-476C-1D7E-7C5B8A74655F}.Release|Any CPU.Build.0 = Release|Any CPU
		{836599F0-A405-E7E0-DC72-3A03B0A9C87F}.Debug|Any CPU.ActiveCfg = Debug|Any CPU
		{836599F0-A405-E7E0-DC72-3A03B0A9C87F}.Debug|Any CPU.Build.0 = Debug|Any CPU
		{836599F0-A405-E7E0-DC72-3A03B0A9C87F}.Release|Any CPU.ActiveCfg = Release|Any CPU
		{836599F0-A405-E7E0-DC72-3A03B0A9C87F}.Release|Any CPU.Build.0 = Release|Any CPU
		{3FFC28E8-B37B-F845-752B-17BB5341AD8E}.Debug|Any CPU.ActiveCfg = Debug|Any CPU
		{3FFC28E8-B37B-F845-752B-17BB5341AD8E}.Debug|Any CPU.Build.0 = Debug|Any CPU
		{3FFC28E8-B37B-F845-752B-17BB5341AD8E}.Release|Any CPU.ActiveCfg = Release|Any CPU
		{3FFC28E8-B37B-F845-752B-17BB5341AD8E}.Release|Any CPU.Build.0 = Release|Any CPU
		{E4BAC949-C6A2-7EE6-F12E-E8222A297DF4}.Debug|Any CPU.ActiveCfg = Debug|Any CPU
		{E4BAC949-C6A2-7EE6-F12E-E8222A297DF4}.Debug|Any CPU.Build.0 = Debug|Any CPU
		{E4BAC949-C6A2-7EE6-F12E-E8222A297DF4}.Release|Any CPU.ActiveCfg = Release|Any CPU
		{E4BAC949-C6A2-7EE6-F12E-E8222A297DF4}.Release|Any CPU.Build.0 = Release|Any CPU
		{17AD5EEB-F88C-EF51-9CFC-8823EE7B8FBB}.Debug|Any CPU.ActiveCfg = Debug|Any CPU
		{17AD5EEB-F88C-EF51-9CFC-8823EE7B8FBB}.Debug|Any CPU.Build.0 = Debug|Any CPU
		{17AD5EEB-F88C-EF51-9CFC-8823EE7B8FBB}.Release|Any CPU.ActiveCfg = Release|Any CPU
		{17AD5EEB-F88C-EF51-9CFC-8823EE7B8FBB}.Release|Any CPU.Build.0 = Release|Any CPU
		{3C7A9C39-129E-F88F-5F92-DB5B638220D9}.Debug|Any CPU.ActiveCfg = Debug|Any CPU
		{3C7A9C39-129E-F88F-5F92-DB5B638220D9}.Debug|Any CPU.Build.0 = Debug|Any CPU
		{3C7A9C39-129E-F88F-5F92-DB5B638220D9}.Release|Any CPU.ActiveCfg = Release|Any CPU
		{3C7A9C39-129E-F88F-5F92-DB5B638220D9}.Release|Any CPU.Build.0 = Release|Any CPU
		{19F07C85-C4BA-DCB2-2B91-44F3EA04BB0A}.Debug|Any CPU.ActiveCfg = Debug|Any CPU
		{19F07C85-C4BA-DCB2-2B91-44F3EA04BB0A}.Debug|Any CPU.Build.0 = Debug|Any CPU
		{19F07C85-C4BA-DCB2-2B91-44F3EA04BB0A}.Release|Any CPU.ActiveCfg = Release|Any CPU
		{19F07C85-C4BA-DCB2-2B91-44F3EA04BB0A}.Release|Any CPU.Build.0 = Release|Any CPU
		{E64ACFE7-3DA4-CE33-BAAC-1A5B7E31A5D9}.Debug|Any CPU.ActiveCfg = Debug|Any CPU
		{E64ACFE7-3DA4-CE33-BAAC-1A5B7E31A5D9}.Debug|Any CPU.Build.0 = Debug|Any CPU
		{E64ACFE7-3DA4-CE33-BAAC-1A5B7E31A5D9}.Release|Any CPU.ActiveCfg = Release|Any CPU
		{E64ACFE7-3DA4-CE33-BAAC-1A5B7E31A5D9}.Release|Any CPU.Build.0 = Release|Any CPU
		{A13C9AB3-73C7-AAEF-E62E-9958C3D07A29}.Debug|Any CPU.ActiveCfg = Debug|Any CPU
		{A13C9AB3-73C7-AAEF-E62E-9958C3D07A29}.Debug|Any CPU.Build.0 = Debug|Any CPU
		{A13C9AB3-73C7-AAEF-E62E-9958C3D07A29}.Release|Any CPU.ActiveCfg = Release|Any CPU
		{A13C9AB3-73C7-AAEF-E62E-9958C3D07A29}.Release|Any CPU.Build.0 = Release|Any CPU
		{454C66D1-C991-D06C-C5C7-672E2F096D74}.Debug|Any CPU.ActiveCfg = Debug|Any CPU
		{454C66D1-C991-D06C-C5C7-672E2F096D74}.Debug|Any CPU.Build.0 = Debug|Any CPU
		{454C66D1-C991-D06C-C5C7-672E2F096D74}.Release|Any CPU.ActiveCfg = Release|Any CPU
		{454C66D1-C991-D06C-C5C7-672E2F096D74}.Release|Any CPU.Build.0 = Release|Any CPU
		{DEA72233-0A14-4362-44A7-1DB27837F0A2}.Debug|Any CPU.ActiveCfg = Debug|Any CPU
		{DEA72233-0A14-4362-44A7-1DB27837F0A2}.Debug|Any CPU.Build.0 = Debug|Any CPU
		{DEA72233-0A14-4362-44A7-1DB27837F0A2}.Release|Any CPU.ActiveCfg = Release|Any CPU
		{DEA72233-0A14-4362-44A7-1DB27837F0A2}.Release|Any CPU.Build.0 = Release|Any CPU
		{6F1182BD-EA75-6509-39B8-FA65FA3A9197}.Debug|Any CPU.ActiveCfg = Debug|Any CPU
		{6F1182BD-EA75-6509-39B8-FA65FA3A9197}.Debug|Any CPU.Build.0 = Debug|Any CPU
		{6F1182BD-EA75-6509-39B8-FA65FA3A9197}.Release|Any CPU.ActiveCfg = Release|Any CPU
		{6F1182BD-EA75-6509-39B8-FA65FA3A9197}.Release|Any CPU.Build.0 = Release|Any CPU
		{C721BD70-B73A-5831-24AD-7DDE600FEE1A}.Debug|Any CPU.ActiveCfg = Debug|Any CPU
		{C721BD70-B73A-5831-24AD-7DDE600FEE1A}.Debug|Any CPU.Build.0 = Debug|Any CPU
		{C721BD70-B73A-5831-24AD-7DDE600FEE1A}.Release|Any CPU.ActiveCfg = Release|Any CPU
		{C721BD70-B73A-5831-24AD-7DDE600FEE1A}.Release|Any CPU.Build.0 = Release|Any CPU
		{DADAB12C-A293-A471-190C-95087972B3CF}.Debug|Any CPU.ActiveCfg = Debug|Any CPU
		{DADAB12C-A293-A471-190C-95087972B3CF}.Debug|Any CPU.Build.0 = Debug|Any CPU
		{DADAB12C-A293-A471-190C-95087972B3CF}.Release|Any CPU.ActiveCfg = Release|Any CPU
		{DADAB12C-A293-A471-190C-95087972B3CF}.Release|Any CPU.Build.0 = Release|Any CPU
		{39B510AC-D241-D346-713F-E7D0AA43CFAC}.Debug|Any CPU.ActiveCfg = Debug|Any CPU
		{39B510AC-D241-D346-713F-E7D0AA43CFAC}.Debug|Any CPU.Build.0 = Debug|Any CPU
		{39B510AC-D241-D346-713F-E7D0AA43CFAC}.Release|Any CPU.ActiveCfg = Release|Any CPU
		{39B510AC-D241-D346-713F-E7D0AA43CFAC}.Release|Any CPU.Build.0 = Release|Any CPU
		{1528034B-E551-E818-5EFC-5B6315C90F29}.Debug|Any CPU.ActiveCfg = Debug|Any CPU
		{1528034B-E551-E818-5EFC-5B6315C90F29}.Debug|Any CPU.Build.0 = Debug|Any CPU
		{1528034B-E551-E818-5EFC-5B6315C90F29}.Release|Any CPU.ActiveCfg = Release|Any CPU
		{1528034B-E551-E818-5EFC-5B6315C90F29}.Release|Any CPU.Build.0 = Release|Any CPU
		{FCC84D40-C11A-0F24-BF91-096EF27B07C4}.Debug|Any CPU.ActiveCfg = Debug|Any CPU
		{FCC84D40-C11A-0F24-BF91-096EF27B07C4}.Debug|Any CPU.Build.0 = Debug|Any CPU
		{FCC84D40-C11A-0F24-BF91-096EF27B07C4}.Release|Any CPU.ActiveCfg = Release|Any CPU
		{FCC84D40-C11A-0F24-BF91-096EF27B07C4}.Release|Any CPU.Build.0 = Release|Any CPU
		{3F573773-22AD-56ED-A656-BC03DB93BF5F}.Debug|Any CPU.ActiveCfg = Debug|Any CPU
		{3F573773-22AD-56ED-A656-BC03DB93BF5F}.Debug|Any CPU.Build.0 = Debug|Any CPU
		{3F573773-22AD-56ED-A656-BC03DB93BF5F}.Release|Any CPU.ActiveCfg = Release|Any CPU
		{3F573773-22AD-56ED-A656-BC03DB93BF5F}.Release|Any CPU.Build.0 = Release|Any CPU
		{BDB1F7C0-EB2A-DA39-BBFF-DF931F65D979}.Debug|Any CPU.ActiveCfg = Debug|Any CPU
		{BDB1F7C0-EB2A-DA39-BBFF-DF931F65D979}.Debug|Any CPU.Build.0 = Debug|Any CPU
		{BDB1F7C0-EB2A-DA39-BBFF-DF931F65D979}.Release|Any CPU.ActiveCfg = Release|Any CPU
		{BDB1F7C0-EB2A-DA39-BBFF-DF931F65D979}.Release|Any CPU.Build.0 = Release|Any CPU
		{6A9229F5-A037-E75E-3373-A9BB2B08ED0B}.Debug|Any CPU.ActiveCfg = Debug|Any CPU
		{6A9229F5-A037-E75E-3373-A9BB2B08ED0B}.Debug|Any CPU.Build.0 = Debug|Any CPU
		{6A9229F5-A037-E75E-3373-A9BB2B08ED0B}.Release|Any CPU.ActiveCfg = Release|Any CPU
		{6A9229F5-A037-E75E-3373-A9BB2B08ED0B}.Release|Any CPU.Build.0 = Release|Any CPU
		{12E67100-0948-AB62-807E-B30A36FF71AF}.Debug|Any CPU.ActiveCfg = Debug|Any CPU
		{12E67100-0948-AB62-807E-B30A36FF71AF}.Debug|Any CPU.Build.0 = Debug|Any CPU
		{12E67100-0948-AB62-807E-B30A36FF71AF}.Release|Any CPU.ActiveCfg = Release|Any CPU
		{12E67100-0948-AB62-807E-B30A36FF71AF}.Release|Any CPU.Build.0 = Release|Any CPU
		{E24F3987-C213-A63A-B7AF-F7036DF8BBBB}.Debug|Any CPU.ActiveCfg = Debug|Any CPU
		{E24F3987-C213-A63A-B7AF-F7036DF8BBBB}.Debug|Any CPU.Build.0 = Debug|Any CPU
		{E24F3987-C213-A63A-B7AF-F7036DF8BBBB}.Release|Any CPU.ActiveCfg = Release|Any CPU
		{E24F3987-C213-A63A-B7AF-F7036DF8BBBB}.Release|Any CPU.Build.0 = Release|Any CPU
		{D8AB9215-BAE9-4385-2180-405FB1AC7BA9}.Debug|Any CPU.ActiveCfg = Debug|Any CPU
		{D8AB9215-BAE9-4385-2180-405FB1AC7BA9}.Debug|Any CPU.Build.0 = Debug|Any CPU
		{D8AB9215-BAE9-4385-2180-405FB1AC7BA9}.Release|Any CPU.ActiveCfg = Release|Any CPU
		{D8AB9215-BAE9-4385-2180-405FB1AC7BA9}.Release|Any CPU.Build.0 = Release|Any CPU
		{77B84498-BF87-B639-8245-727DE5F409CF}.Debug|Any CPU.ActiveCfg = Debug|Any CPU
		{77B84498-BF87-B639-8245-727DE5F409CF}.Debug|Any CPU.Build.0 = Debug|Any CPU
		{77B84498-BF87-B639-8245-727DE5F409CF}.Release|Any CPU.ActiveCfg = Release|Any CPU
		{77B84498-BF87-B639-8245-727DE5F409CF}.Release|Any CPU.Build.0 = Release|Any CPU
		{AC71EEE9-C1A4-A01B-BB62-9EC9520E01F0}.Debug|Any CPU.ActiveCfg = Debug|Any CPU
		{AC71EEE9-C1A4-A01B-BB62-9EC9520E01F0}.Debug|Any CPU.Build.0 = Debug|Any CPU
		{AC71EEE9-C1A4-A01B-BB62-9EC9520E01F0}.Release|Any CPU.ActiveCfg = Release|Any CPU
		{AC71EEE9-C1A4-A01B-BB62-9EC9520E01F0}.Release|Any CPU.Build.0 = Release|Any CPU
		{3510F1FA-8F62-E396-E33F-94AD33A673C7}.Debug|Any CPU.ActiveCfg = Debug|Any CPU
		{3510F1FA-8F62-E396-E33F-94AD33A673C7}.Debug|Any CPU.Build.0 = Debug|Any CPU
		{3510F1FA-8F62-E396-E33F-94AD33A673C7}.Release|Any CPU.ActiveCfg = Release|Any CPU
		{3510F1FA-8F62-E396-E33F-94AD33A673C7}.Release|Any CPU.Build.0 = Release|Any CPU
		{6BC56B89-4745-1DCF-D198-327B68E1CE7C}.Debug|Any CPU.ActiveCfg = Debug|Any CPU
		{6BC56B89-4745-1DCF-D198-327B68E1CE7C}.Debug|Any CPU.Build.0 = Debug|Any CPU
		{6BC56B89-4745-1DCF-D198-327B68E1CE7C}.Release|Any CPU.ActiveCfg = Release|Any CPU
		{6BC56B89-4745-1DCF-D198-327B68E1CE7C}.Release|Any CPU.Build.0 = Release|Any CPU
		{BED41B72-44E2-9FC2-8E83-6FF6816849E2}.Debug|Any CPU.ActiveCfg = Debug|Any CPU
		{BED41B72-44E2-9FC2-8E83-6FF6816849E2}.Debug|Any CPU.Build.0 = Debug|Any CPU
		{BED41B72-44E2-9FC2-8E83-6FF6816849E2}.Release|Any CPU.ActiveCfg = Release|Any CPU
		{BED41B72-44E2-9FC2-8E83-6FF6816849E2}.Release|Any CPU.Build.0 = Release|Any CPU
		{21DFDCA7-7B7A-26F8-DD75-616ADE7D7592}.Debug|Any CPU.ActiveCfg = Debug|Any CPU
		{21DFDCA7-7B7A-26F8-DD75-616ADE7D7592}.Debug|Any CPU.Build.0 = Debug|Any CPU
		{21DFDCA7-7B7A-26F8-DD75-616ADE7D7592}.Release|Any CPU.ActiveCfg = Release|Any CPU
		{21DFDCA7-7B7A-26F8-DD75-616ADE7D7592}.Release|Any CPU.Build.0 = Release|Any CPU
		{759BDDFD-96CA-5084-DF86-3F9360C1308F}.Debug|Any CPU.ActiveCfg = Debug|Any CPU
		{759BDDFD-96CA-5084-DF86-3F9360C1308F}.Debug|Any CPU.Build.0 = Debug|Any CPU
		{759BDDFD-96CA-5084-DF86-3F9360C1308F}.Release|Any CPU.ActiveCfg = Release|Any CPU
		{759BDDFD-96CA-5084-DF86-3F9360C1308F}.Release|Any CPU.Build.0 = Release|Any CPU
		{4664FB87-89E5-0ABC-A2EC-A8EE5C57E1B4}.Debug|Any CPU.ActiveCfg = Debug|Any CPU
		{4664FB87-89E5-0ABC-A2EC-A8EE5C57E1B4}.Debug|Any CPU.Build.0 = Debug|Any CPU
		{4664FB87-89E5-0ABC-A2EC-A8EE5C57E1B4}.Release|Any CPU.ActiveCfg = Release|Any CPU
		{4664FB87-89E5-0ABC-A2EC-A8EE5C57E1B4}.Release|Any CPU.Build.0 = Release|Any CPU
		{20CA8F5D-B2DB-D742-C1EA-1E7FA39D5BD4}.Debug|Any CPU.ActiveCfg = Debug|Any CPU
		{20CA8F5D-B2DB-D742-C1EA-1E7FA39D5BD4}.Debug|Any CPU.Build.0 = Debug|Any CPU
		{20CA8F5D-B2DB-D742-C1EA-1E7FA39D5BD4}.Release|Any CPU.ActiveCfg = Release|Any CPU
		{20CA8F5D-B2DB-D742-C1EA-1E7FA39D5BD4}.Release|Any CPU.Build.0 = Release|Any CPU
		{78DEA6FE-FECB-75A5-916A-D1B7C3314E62}.Debug|Any CPU.ActiveCfg = Debug|Any CPU
		{78DEA6FE-FECB-75A5-916A-D1B7C3314E62}.Debug|Any CPU.Build.0 = Debug|Any CPU
		{78DEA6FE-FECB-75A5-916A-D1B7C3314E62}.Release|Any CPU.ActiveCfg = Release|Any CPU
		{78DEA6FE-FECB-75A5-916A-D1B7C3314E62}.Release|Any CPU.Build.0 = Release|Any CPU
		{D739E5C5-1796-FC49-74E5-EADF7E4FD6C4}.Debug|Any CPU.ActiveCfg = Debug|Any CPU
		{D739E5C5-1796-FC49-74E5-EADF7E4FD6C4}.Debug|Any CPU.Build.0 = Debug|Any CPU
		{D739E5C5-1796-FC49-74E5-EADF7E4FD6C4}.Release|Any CPU.ActiveCfg = Release|Any CPU
		{D739E5C5-1796-FC49-74E5-EADF7E4FD6C4}.Release|Any CPU.Build.0 = Release|Any CPU
		{3860A274-33E2-0086-A436-8D696DAFF9CF}.Debug|Any CPU.ActiveCfg = Debug|Any CPU
		{3860A274-33E2-0086-A436-8D696DAFF9CF}.Debug|Any CPU.Build.0 = Debug|Any CPU
		{3860A274-33E2-0086-A436-8D696DAFF9CF}.Release|Any CPU.ActiveCfg = Release|Any CPU
		{3860A274-33E2-0086-A436-8D696DAFF9CF}.Release|Any CPU.Build.0 = Release|Any CPU
		{5661C99E-4A8A-96D9-A9CB-6BFB19882D6E}.Debug|Any CPU.ActiveCfg = Debug|Any CPU
		{5661C99E-4A8A-96D9-A9CB-6BFB19882D6E}.Debug|Any CPU.Build.0 = Debug|Any CPU
		{5661C99E-4A8A-96D9-A9CB-6BFB19882D6E}.Release|Any CPU.ActiveCfg = Release|Any CPU
		{5661C99E-4A8A-96D9-A9CB-6BFB19882D6E}.Release|Any CPU.Build.0 = Release|Any CPU
		{3B28C130-6E13-E276-7DC4-29FB0F8A85D2}.Debug|Any CPU.ActiveCfg = Debug|Any CPU
		{3B28C130-6E13-E276-7DC4-29FB0F8A85D2}.Debug|Any CPU.Build.0 = Debug|Any CPU
		{3B28C130-6E13-E276-7DC4-29FB0F8A85D2}.Release|Any CPU.ActiveCfg = Release|Any CPU
		{3B28C130-6E13-E276-7DC4-29FB0F8A85D2}.Release|Any CPU.Build.0 = Release|Any CPU
		{CECE2754-9D60-FFD0-F1E0-6A31B13C3E2F}.Debug|Any CPU.ActiveCfg = Debug|Any CPU
		{CECE2754-9D60-FFD0-F1E0-6A31B13C3E2F}.Debug|Any CPU.Build.0 = Debug|Any CPU
		{CECE2754-9D60-FFD0-F1E0-6A31B13C3E2F}.Release|Any CPU.ActiveCfg = Release|Any CPU
		{CECE2754-9D60-FFD0-F1E0-6A31B13C3E2F}.Release|Any CPU.Build.0 = Release|Any CPU
		{3409010D-9D68-2520-69E0-2195D20C3157}.Debug|Any CPU.ActiveCfg = Debug|Any CPU
		{3409010D-9D68-2520-69E0-2195D20C3157}.Debug|Any CPU.Build.0 = Debug|Any CPU
		{3409010D-9D68-2520-69E0-2195D20C3157}.Release|Any CPU.ActiveCfg = Release|Any CPU
		{3409010D-9D68-2520-69E0-2195D20C3157}.Release|Any CPU.Build.0 = Release|Any CPU
	EndGlobalSection
	GlobalSection(SolutionProperties) = preSolution
		HideSolutionNode = FALSE
	EndGlobalSection
EndGlobal
